schema: '2.0'
stages:
  data_ingestion:
    cmd: python .\src\data_ingestion.py
    deps:
    - path: src\data_ingestion.py
      hash: md5
      md5: ecad0c4e6d4224e171e2c5020c5b65c0
      size: 3408
    params:
      params.yaml:
        data_ingestion.test_size: 0.3
    outs:
    - path: data/raw
      hash: md5
      md5: 859c476e61e42f974b535d01a3f94917.dir
      size: 3116267
      nfiles: 2
  data_preprocessing:
    cmd: python .\src\data_preprocessing.py
    deps:
    - path: data/raw
      hash: md5
      md5: 859c476e61e42f974b535d01a3f94917.dir
      size: 3116267
      nfiles: 2
    - path: src\data_preprocessing.py
      hash: md5
      md5: 314459ba5ae761e807856c6cb4f95edd
      size: 4278
    outs:
    - path: data/processed
      hash: md5
      md5: 7a2c60fc04eb4161a1cdcc2b965e6b4c.dir
      size: 2149010
      nfiles: 2
  feature_engineering:
    cmd: python .\src\feature_engineering.py
    deps:
    - path: data/processed
      hash: md5
      md5: 7a2c60fc04eb4161a1cdcc2b965e6b4c.dir
      size: 2149010
      nfiles: 2
    - path: src\feature_engineering.py
      hash: md5
      md5: c9591246c4b2f58df88ae852a97ccdd2
      size: 5512
    params:
      params.yaml:
        feature_engineering.max_features: 100
    outs:
    - path: data/features
      hash: md5
      md5: 40167e45a0551a1ab7fab06f710aa9fb.dir
      size: 8120594
      nfiles: 2
  model_development:
    cmd: python .\src\model_development.py
    deps:
    - path: data/features
      hash: md5
      md5: 40167e45a0551a1ab7fab06f710aa9fb.dir
      size: 8120594
      nfiles: 2
    - path: src\model_development.py
      hash: md5
      md5: 4a270b14d46df7bd24e7767716e95866
      size: 3100
    params:
      params.yaml:
        model_development.n_estimators: 50
    outs:
    - path: model.pkl
      hash: md5
      md5: d20cb1422f7f20ad915c5fa4cb42b313
      size: 352173
  model_evaluation:
    cmd: python .\src\model_evaluation.py
    deps:
    - path: data/features
      hash: md5
      md5: 40167e45a0551a1ab7fab06f710aa9fb.dir
      size: 8120594
      nfiles: 2
    - path: model.pkl
      hash: md5
      md5: d20cb1422f7f20ad915c5fa4cb42b313
      size: 352173
    - path: src\model_evaluation.py
      hash: md5
      md5: 25cb4864c7385db20e7b2c1124b91374
      size: 2700
    outs:
    - path: metrics.json
      hash: md5
      md5: cff56d1199f68966a7b4ec3f5332346a
      size: 40
